
Microsoft Visual Studio Solution File, Format Version 12.00
# Visual Studio Version 17
VisualStudioVersion = 17.0.31903.59
MinimumVisualStudioVersion = 10.0.40219.1
Project("{2150E333-8FDC-42A3-9474-1A3956D46DE8}") = "src", "src", "{827E0CD3-B72D-47B6-A68D-7590B98EB39B}"
EndProject
Project("{FAE04EC0-301F-11D3-BF4B-00C04F79EFBC}") = "Dashboard.Web", "src\Dashboard.Web\Dashboard.Web.csproj", "{6CCCAE8D-98A1-408E-A95B-F49688B02EE8}"
EndProject
Project("{FAE04EC0-301F-11D3-BF4B-00C04F79EFBC}") = "Dashboard.Domain", "src\Dashboard.Domain\Dashboard.Domain.csproj", "{3CDE6873-7F1E-4744-A0CB-96AE9973CC2E}"
EndProject
Project("{FAE04EC0-301F-11D3-BF4B-00C04F79EFBC}") = "Dashboard.Persistence", "src\Dashboard.Persistence\Dashboard.Persistence.csproj", "{4C40ECA5-7FAB-43AD-8303-D91C159704EB}"
EndProject
Project("{FAE04EC0-301F-11D3-BF4B-00C04F79EFBC}") = "Dashboard.Acquisition", "src\Dashboard.Acquisition\Dashboard.Acquisition.csproj", "{7D02039C-2E69-4FD8-ADAA-23FA2511EF23}"
EndProject
Project("{FAE04EC0-301F-11D3-BF4B-00C04F79EFBC}") = "Dashboard.Simulator", "src\Dashboard.Simulator\Dashboard.Simulator.csproj", "{74561559-150E-4BE4-BBCC-F60E950F5849}"
EndProject
Project("{FAE04EC0-301F-11D3-BF4B-00C04F79EFBC}") = "Dashboard.Contracts", "src\Dashboard.Contracts\Dashboard.Contracts.csproj", "{B1176C17-BC8D-46B3-8213-026C4A336D73}"
EndProject
Project("{FAE04EC0-301F-11D3-BF4B-00C04F79EFBC}") = "Dashboard.Domain.Tests", "tests\Dashboard.Domain.Tests\Dashboard.Domain.Tests.csproj", "{0192E36C-25A5-47BB-A4DB-53C966274DA6}"
EndProject
Project("{FAE04EC0-301F-11D3-BF4B-00C04F79EFBC}") = "Dashboard.Acquisition.Tests", "tests\Dashboard.Acquisition.Tests\Dashboard.Acquisition.Tests.csproj", "{C5DD918D-165E-4015-AB26-6B120D1021C7}"
EndProject
Project("{FAE04EC0-301F-11D3-BF4B-00C04F79EFBC}") = "Dashboard.Web.IntegrationTests", "tests\Dashboard.Web.IntegrationTests\Dashboard.Web.IntegrationTests.csproj", "{6D117474-0C07-48B6-8918-6844F4C4F1F2}"
EndProject
Project("{FAE04EC0-301F-11D3-BF4B-00C04F79EFBC}") = "Dashboard.UI.Tests", "tests\Dashboard.UI.Tests\Dashboard.UI.Tests.csproj", "{31B0E43C-901E-4A7B-9990-D1AC9D43F24D}"
EndProject
Global
	GlobalSection(SolutionConfigurationPlatforms) = preSolution
		Debug|Any CPU = Debug|Any CPU
		Debug|x64 = Debug|x64
		Debug|x86 = Debug|x86
		Release|Any CPU = Release|Any CPU
		Release|x64 = Release|x64
		Release|x86 = Release|x86
	EndGlobalSection
	GlobalSection(ProjectConfigurationPlatforms) = postSolution
		{6CCCAE8D-98A1-408E-A95B-F49688B02EE8}.Debug|Any CPU.ActiveCfg = Debug|Any CPU
		{6CCCAE8D-98A1-408E-A95B-F49688B02EE8}.Debug|Any CPU.Build.0 = Debug|Any CPU
		{6CCCAE8D-98A1-408E-A95B-F49688B02EE8}.Debug|x64.ActiveCfg = Debug|Any CPU
		{6CCCAE8D-98A1-408E-A95B-F49688B02EE8}.Debug|x64.Build.0 = Debug|Any CPU
		{6CCCAE8D-98A1-408E-A95B-F49688B02EE8}.Debug|x86.ActiveCfg = Debug|Any CPU
		{6CCCAE8D-98A1-408E-A95B-F49688B02EE8}.Debug|x86.Build.0 = Debug|Any CPU
		{6CCCAE8D-98A1-408E-A95B-F49688B02EE8}.Release|Any CPU.ActiveCfg = Release|Any CPU
		{6CCCAE8D-98A1-408E-A95B-F49688B02EE8}.Release|Any CPU.Build.0 = Release|Any CPU
		{6CCCAE8D-98A1-408E-A95B-F49688B02EE8}.Release|x64.ActiveCfg = Release|Any CPU
		{6CCCAE8D-98A1-408E-A95B-F49688B02EE8}.Release|x64.Build.0 = Release|Any CPU
		{6CCCAE8D-98A1-408E-A95B-F49688B02EE8}.Release|x86.ActiveCfg = Release|Any CPU
		{6CCCAE8D-98A1-408E-A95B-F49688B02EE8}.Release|x86.Build.0 = Release|Any CPU
		{3CDE6873-7F1E-4744-A0CB-96AE9973CC2E}.Debug|Any CPU.ActiveCfg = Debug|Any CPU
		{3CDE6873-7F1E-4744-A0CB-96AE9973CC2E}.Debug|Any CPU.Build.0 = Debug|Any CPU
		{3CDE6873-7F1E-4744-A0CB-96AE9973CC2E}.Debug|x64.ActiveCfg = Debug|Any CPU
		{3CDE6873-7F1E-4744-A0CB-96AE9973CC2E}.Debug|x64.Build.0 = Debug|Any CPU
		{3CDE6873-7F1E-4744-A0CB-96AE9973CC2E}.Debug|x86.ActiveCfg = Debug|Any CPU
		{3CDE6873-7F1E-4744-A0CB-96AE9973CC2E}.Debug|x86.Build.0 = Debug|Any CPU
		{3CDE6873-7F1E-4744-A0CB-96AE9973CC2E}.Release|Any CPU.ActiveCfg = Release|Any CPU
		{3CDE6873-7F1E-4744-A0CB-96AE9973CC2E}.Release|Any CPU.Build.0 = Release|Any CPU
		{3CDE6873-7F1E-4744-A0CB-96AE9973CC2E}.Release|x64.ActiveCfg = Release|Any CPU
		{3CDE6873-7F1E-4744-A0CB-96AE9973CC2E}.Release|x64.Build.0 = Release|Any CPU
		{3CDE6873-7F1E-4744-A0CB-96AE9973CC2E}.Release|x86.ActiveCfg = Release|Any CPU
		{3CDE6873-7F1E-4744-A0CB-96AE9973CC2E}.Release|x86.Build.0 = Release|Any CPU
		{4C40ECA5-7FAB-43AD-8303-D91C159704EB}.Debug|Any CPU.ActiveCfg = Debug|Any CPU
		{4C40ECA5-7FAB-43AD-8303-D91C159704EB}.Debug|Any CPU.Build.0 = Debug|Any CPU
		{4C40ECA5-7FAB-43AD-8303-D91C159704EB}.Debug|x64.ActiveCfg = Debug|Any CPU
		{4C40ECA5-7FAB-43AD-8303-D91C159704EB}.Debug|x64.Build.0 = Debug|Any CPU
		{4C40ECA5-7FAB-43AD-8303-D91C159704EB}.Debug|x86.ActiveCfg = Debug|Any CPU
		{4C40ECA5-7FAB-43AD-8303-D91C159704EB}.Debug|x86.Build.0 = Debug|Any CPU
		{4C40ECA5-7FAB-43AD-8303-D91C159704EB}.Release|Any CPU.ActiveCfg = Release|Any CPU
		{4C40ECA5-7FAB-43AD-8303-D91C159704EB}.Release|Any CPU.Build.0 = Release|Any CPU
		{4C40ECA5-7FAB-43AD-8303-D91C159704EB}.Release|x64.ActiveCfg = Release|Any CPU
		{4C40ECA5-7FAB-43AD-8303-D91C159704EB}.Release|x64.Build.0 = Release|Any CPU
		{4C40ECA5-7FAB-43AD-8303-D91C159704EB}.Release|x86.ActiveCfg = Release|Any CPU
		{4C40ECA5-7FAB-43AD-8303-D91C159704EB}.Release|x86.Build.0 = Release|Any CPU
		{7D02039C-2E69-4FD8-ADAA-23FA2511EF23}.Debug|Any CPU.ActiveCfg = Debug|Any CPU
		{7D02039C-2E69-4FD8-ADAA-23FA2511EF23}.Debug|Any CPU.Build.0 = Debug|Any CPU
		{7D02039C-2E69-4FD8-ADAA-23FA2511EF23}.Debug|x64.ActiveCfg = Debug|Any CPU
		{7D02039C-2E69-4FD8-ADAA-23FA2511EF23}.Debug|x64.Build.0 = Debug|Any CPU
		{7D02039C-2E69-4FD8-ADAA-23FA2511EF23}.Debug|x86.ActiveCfg = Debug|Any CPU
		{7D02039C-2E69-4FD8-ADAA-23FA2511EF23}.Debug|x86.Build.0 = Debug|Any CPU
		{7D02039C-2E69-4FD8-ADAA-23FA2511EF23}.Release|Any CPU.ActiveCfg = Release|Any CPU
		{7D02039C-2E69-4FD8-ADAA-23FA2511EF23}.Release|Any CPU.Build.0 = Release|Any CPU
		{7D02039C-2E69-4FD8-ADAA-23FA2511EF23}.Release|x64.ActiveCfg = Release|Any CPU
		{7D02039C-2E69-4FD8-ADAA-23FA2511EF23}.Release|x64.Build.0 = Release|Any CPU
		{7D02039C-2E69-4FD8-ADAA-23FA2511EF23}.Release|x86.ActiveCfg = Release|Any CPU
		{7D02039C-2E69-4FD8-ADAA-23FA2511EF23}.Release|x86.Build.0 = Release|Any CPU
		{74561559-150E-4BE4-BBCC-F60E950F5849}.Debug|Any CPU.ActiveCfg = Debug|Any CPU
		{74561559-150E-4BE4-BBCC-F60E950F5849}.Debug|Any CPU.Build.0 = Debug|Any CPU
		{74561559-150E-4BE4-BBCC-F60E950F5849}.Debug|x64.ActiveCfg = Debug|Any CPU
		{74561559-150E-4BE4-BBCC-F60E950F5849}.Debug|x64.Build.0 = Debug|Any CPU
		{74561559-150E-4BE4-BBCC-F60E950F5849}.Debug|x86.ActiveCfg = Debug|Any CPU
		{74561559-150E-4BE4-BBCC-F60E950F5849}.Debug|x86.Build.0 = Debug|Any CPU
		{74561559-150E-4BE4-BBCC-F60E950F5849}.Release|Any CPU.ActiveCfg = Release|Any CPU
		{74561559-150E-4BE4-BBCC-F60E950F5849}.Release|Any CPU.Build.0 = Release|Any CPU
		{74561559-150E-4BE4-BBCC-F60E950F5849}.Release|x64.ActiveCfg = Release|Any CPU
		{74561559-150E-4BE4-BBCC-F60E950F5849}.Release|x64.Build.0 = Release|Any CPU
		{74561559-150E-4BE4-BBCC-F60E950F5849}.Release|x86.ActiveCfg = Release|Any CPU
		{74561559-150E-4BE4-BBCC-F60E950F5849}.Release|x86.Build.0 = Release|Any CPU
		{B1176C17-BC8D-46B3-8213-026C4A336D73}.Debug|Any CPU.ActiveCfg = Debug|Any CPU
		{B1176C17-BC8D-46B3-8213-026C4A336D73}.Debug|Any CPU.Build.0 = Debug|Any CPU
		{B1176C17-BC8D-46B3-8213-026C4A336D73}.Debug|x64.ActiveCfg = Debug|Any CPU
		{B1176C17-BC8D-46B3-8213-026C4A336D73}.Debug|x64.Build.0 = Debug|Any CPU
		{B1176C17-BC8D-46B3-8213-026C4A336D73}.Debug|x86.ActiveCfg = Debug|Any CPU
		{B1176C17-BC8D-46B3-8213-026C4A336D73}.Debug|x86.Build.0 = Debug|Any CPU
		{B1176C17-BC8D-46B3-8213-026C4A336D73}.Release|Any CPU.ActiveCfg = Release|Any CPU
		{B1176C17-BC8D-46B3-8213-026C4A336D73}.Release|Any CPU.Build.0 = Release|Any CPU
		{B1176C17-BC8D-46B3-8213-026C4A336D73}.Release|x64.ActiveCfg = Release|Any CPU
		{B1176C17-BC8D-46B3-8213-026C4A336D73}.Release|x64.Build.0 = Release|Any CPU
		{B1176C17-BC8D-46B3-8213-026C4A336D73}.Release|x86.ActiveCfg = Release|Any CPU
		{B1176C17-BC8D-46B3-8213-026C4A336D73}.Release|x86.Build.0 = Release|Any CPU
		{0192E36C-25A5-47BB-A4DB-53C966274DA6}.Debug|Any CPU.ActiveCfg = Debug|Any CPU
		{0192E36C-25A5-47BB-A4DB-53C966274DA6}.Debug|Any CPU.Build.0 = Debug|Any CPU
		{0192E36C-25A5-47BB-A4DB-53C966274DA6}.Debug|x64.ActiveCfg = Debug|Any CPU
		{0192E36C-25A5-47BB-A4DB-53C966274DA6}.Debug|x64.Build.0 = Debug|Any CPU
		{0192E36C-25A5-47BB-A4DB-53C966274DA6}.Debug|x86.ActiveCfg = Debug|Any CPU
		{0192E36C-25A5-47BB-A4DB-53C966274DA6}.Debug|x86.Build.0 = Debug|Any CPU
		{0192E36C-25A5-47BB-A4DB-53C966274DA6}.Release|Any CPU.ActiveCfg = Release|Any CPU
		{0192E36C-25A5-47BB-A4DB-53C966274DA6}.Release|Any CPU.Build.0 = Release|Any CPU
		{0192E36C-25A5-47BB-A4DB-53C966274DA6}.Release|x64.ActiveCfg = Release|Any CPU
		{0192E36C-25A5-47BB-A4DB-53C966274DA6}.Release|x64.Build.0 = Release|Any CPU
		{0192E36C-25A5-47BB-A4DB-53C966274DA6}.Release|x86.ActiveCfg = Release|Any CPU
		{0192E36C-25A5-47BB-A4DB-53C966274DA6}.Release|x86.Build.0 = Release|Any CPU
		{C5DD918D-165E-4015-AB26-6B120D1021C7}.Debug|Any CPU.ActiveCfg = Debug|Any CPU
		{C5DD918D-165E-4015-AB26-6B120D1021C7}.Debug|Any CPU.Build.0 = Debug|Any CPU
		{C5DD918D-165E-4015-AB26-6B120D1021C7}.Debug|x64.ActiveCfg = Debug|Any CPU
		{C5DD918D-165E-4015-AB26-6B120D1021C7}.Debug|x64.Build.0 = Debug|Any CPU
		{C5DD918D-165E-4015-AB26-6B120D1021C7}.Debug|x86.ActiveCfg = Debug|Any CPU
		{C5DD918D-165E-4015-AB26-6B120D1021C7}.Debug|x86.Build.0 = Debug|Any CPU
		{C5DD918D-165E-4015-AB26-6B120D1021C7}.Release|Any CPU.ActiveCfg = Release|Any CPU
		{C5DD918D-165E-4015-AB26-6B120D1021C7}.Release|Any CPU.Build.0 = Release|Any CPU
		{C5DD918D-165E-4015-AB26-6B120D1021C7}.Release|x64.ActiveCfg = Release|Any CPU
		{C5DD918D-165E-4015-AB26-6B120D1021C7}.Release|x64.Build.0 = Release|Any CPU
		{C5DD918D-165E-4015-AB26-6B120D1021C7}.Release|x86.ActiveCfg = Release|Any CPU
		{C5DD918D-165E-4015-AB26-6B120D1021C7}.Release|x86.Build.0 = Release|Any CPU
		{6D117474-0C07-48B6-8918-6844F4C4F1F2}.Debug|Any CPU.ActiveCfg = Debug|Any CPU
		{6D117474-0C07-48B6-8918-6844F4C4F1F2}.Debug|Any CPU.Build.0 = Debug|Any CPU
		{6D117474-0C07-48B6-8918-6844F4C4F1F2}.Debug|x64.ActiveCfg = Debug|Any CPU
		{6D117474-0C07-48B6-8918-6844F4C4F1F2}.Debug|x64.Build.0 = Debug|Any CPU
		{6D117474-0C07-48B6-8918-6844F4C4F1F2}.Debug|x86.ActiveCfg = Debug|Any CPU
		{6D117474-0C07-48B6-8918-6844F4C4F1F2}.Debug|x86.Build.0 = Debug|Any CPU
		{6D117474-0C07-48B6-8918-6844F4C4F1F2}.Release|Any CPU.ActiveCfg = Release|Any CPU
		{6D117474-0C07-48B6-8918-6844F4C4F1F2}.Release|Any CPU.Build.0 = Release|Any CPU
		{6D117474-0C07-48B6-8918-6844F4C4F1F2}.Release|x64.ActiveCfg = Release|Any CPU
		{6D117474-0C07-48B6-8918-6844F4C4F1F2}.Release|x64.Build.0 = Release|Any CPU
		{6D117474-0C07-48B6-8918-6844F4C4F1F2}.Release|x86.ActiveCfg = Release|Any CPU
		{6D117474-0C07-48B6-8918-6844F4C4F1F2}.Release|x86.Build.0 = Release|Any CPU
		{31B0E43C-901E-4A7B-9990-D1AC9D43F24D}.Debug|Any CPU.ActiveCfg = Debug|Any CPU
		{31B0E43C-901E-4A7B-9990-D1AC9D43F24D}.Debug|Any CPU.Build.0 = Debug|Any CPU
		{31B0E43C-901E-4A7B-9990-D1AC9D43F24D}.Debug|x64.ActiveCfg = Debug|Any CPU
		{31B0E43C-901E-4A7B-9990-D1AC9D43F24D}.Debug|x64.Build.0 = Debug|Any CPU
		{31B0E43C-901E-4A7B-9990-D1AC9D43F24D}.Debug|x86.ActiveCfg = Debug|Any CPU
		{31B0E43C-901E-4A7B-9990-D1AC9D43F24D}.Debug|x86.Build.0 = Debug|Any CPU
		{31B0E43C-901E-4A7B-9990-D1AC9D43F24D}.Release|Any CPU.ActiveCfg = Release|Any CPU
		{31B0E43C-901E-4A7B-9990-D1AC9D43F24D}.Release|Any CPU.Build.0 = Release|Any CPU
		{31B0E43C-901E-4A7B-9990-D1AC9D43F24D}.Release|x64.ActiveCfg = Release|Any CPU
		{31B0E43C-901E-4A7B-9990-D1AC9D43F24D}.Release|x64.Build.0 = Release|Any CPU
		{31B0E43C-901E-4A7B-9990-D1AC9D43F24D}.Release|x86.ActiveCfg = Release|Any CPU
		{31B0E43C-901E-4A7B-9990-D1AC9D43F24D}.Release|x86.Build.0 = Release|Any CPU
	EndGlobalSection
	GlobalSection(SolutionProperties) = preSolution
		HideSolutionNode = FALSE
	EndGlobalSection
	GlobalSection(NestedProjects) = preSolution
		{6CCCAE8D-98A1-408E-A95B-F49688B02EE8} = {827E0CD3-B72D-47B6-A68D-7590B98EB39B}
		{3CDE6873-7F1E-4744-A0CB-96AE9973CC2E} = {827E0CD3-B72D-47B6-A68D-7590B98EB39B}
		{4C40ECA5-7FAB-43AD-8303-D91C159704EB} = {827E0CD3-B72D-47B6-A68D-7590B98EB39B}
		{7D02039C-2E69-4FD8-ADAA-23FA2511EF23} = {827E0CD3-B72D-47B6-A68D-7590B98EB39B}
		{74561559-150E-4BE4-BBCC-F60E950F5849} = {827E0CD3-B72D-47B6-A68D-7590B98EB39B}
		{B1176C17-BC8D-46B3-8213-026C4A336D73} = {827E0CD3-B72D-47B6-A68D-7590B98EB39B}
		{0192E36C-25A5-47BB-A4DB-53C966274DA6} = {827E0CD3-B72D-47B6-A68D-7590B98EB39B}
		{C5DD918D-165E-4015-AB26-6B120D1021C7} = {827E0CD3-B72D-47B6-A68D-7590B98EB39B}
		{6D117474-0C07-48B6-8918-6844F4C4F1F2} = {827E0CD3-B72D-47B6-A68D-7590B98EB39B}
		{31B0E43C-901E-4A7B-9990-D1AC9D43F24D} = {827E0CD3-B72D-47B6-A68D-7590B98EB39B}
	EndGlobalSection
EndGlobal
